// !$*UTF8*$!
{
	archiveVersion = 1;
	classes = {
	};
	objectVersion = 50;
	objects = {

/* Begin PBXBuildFile section */
		2989AFB925CD4A4E0076EEBF /* FootprintApp.swift in Sources */ = {isa = PBXBuildFile; fileRef = 2989AFA625CD4A4B0076EEBF /* FootprintApp.swift */; };
		2989AFBA25CD4A4E0076EEBF /* FootprintApp.swift in Sources */ = {isa = PBXBuildFile; fileRef = 2989AFA625CD4A4B0076EEBF /* FootprintApp.swift */; };
		2989AFBB25CD4A4E0076EEBF /* ContentView.swift in Sources */ = {isa = PBXBuildFile; fileRef = 2989AFA725CD4A4B0076EEBF /* ContentView.swift */; };
		2989AFBC25CD4A4E0076EEBF /* ContentView.swift in Sources */ = {isa = PBXBuildFile; fileRef = 2989AFA725CD4A4B0076EEBF /* ContentView.swift */; };
		2989AFBD25CD4A4E0076EEBF /* Assets.xcassets in Resources */ = {isa = PBXBuildFile; fileRef = 2989AFA825CD4A4E0076EEBF /* Assets.xcassets */; };
		2989AFBE25CD4A4E0076EEBF /* Assets.xcassets in Resources */ = {isa = PBXBuildFile; fileRef = 2989AFA825CD4A4E0076EEBF /* Assets.xcassets */; };
/* End PBXBuildFile section */

/* Begin PBXFileReference section */
		2989AFA625CD4A4B0076EEBF /* FootprintApp.swift */ = {isa = PBXFileReference; lastKnownFileType = sourcecode.swift; path = FootprintApp.swift; sourceTree = "<group>"; };
		2989AFA725CD4A4B0076EEBF /* ContentView.swift */ = {isa = PBXFileReference; lastKnownFileType = sourcecode.swift; path = ContentView.swift; sourceTree = "<group>"; };
		2989AFA825CD4A4E0076EEBF /* Assets.xcassets */ = {isa = PBXFileReference; lastKnownFileType = folder.assetcatalog; path = Assets.xcassets; sourceTree = "<group>"; };
		2989AFAD25CD4A4E0076EEBF /* Footprint.app */ = {isa = PBXFileReference; explicitFileType = wrapper.application; includeInIndex = 0; path = Footprint.app; sourceTree = BUILT_PRODUCTS_DIR; };
		2989AFB025CD4A4E0076EEBF /* Info.plist */ = {isa = PBXFileReference; lastKnownFileType = text.plist.xml; path = Info.plist; sourceTree = "<group>"; };
		2989AFB525CD4A4E0076EEBF /* Footprint.app */ = {isa = PBXFileReference; explicitFileType = wrapper.application; includeInIndex = 0; path = Footprint.app; sourceTree = BUILT_PRODUCTS_DIR; };
		2989AFB725CD4A4E0076EEBF /* Info.plist */ = {isa = PBXFileReference; lastKnownFileType = text.plist.xml; path = Info.plist; sourceTree = "<group>"; };
		2989AFB825CD4A4E0076EEBF /* macOS.entitlements */ = {isa = PBXFileReference; lastKnownFileType = text.plist.entitlements; path = macOS.entitlements; sourceTree = "<group>"; };
/* End PBXFileReference section */

/* Begin PBXFrameworksBuildPhase section */
		2989AFAA25CD4A4E0076EEBF /* Frameworks */ = {
			isa = PBXFrameworksBuildPhase;
			buildActionMask = 2147483647;
			files = (
			);
			runOnlyForDeploymentPostprocessing = 0;
		};
		2989AFB225CD4A4E0076EEBF /* Frameworks */ = {
			isa = PBXFrameworksBuildPhase;
			buildActionMask = 2147483647;
			files = (
			);
			runOnlyForDeploymentPostprocessing = 0;
		};
/* End PBXFrameworksBuildPhase section */

/* Begin PBXGroup section */
		2989AFA025CD4A4B0076EEBF = {
			isa = PBXGroup;
			children = (
				2989AFA525CD4A4B0076EEBF /* Shared */,
				2989AFAF25CD4A4E0076EEBF /* iOS */,
				2989AFB625CD4A4E0076EEBF /* macOS */,
				2989AFAE25CD4A4E0076EEBF /* Products */,
			);
			sourceTree = "<group>";
			usesTabs = 1;
		};
		2989AFA525CD4A4B0076EEBF /* Shared */ = {
			isa = PBXGroup;
			children = (
				2989AFA625CD4A4B0076EEBF /* FootprintApp.swift */,
				2989AFA725CD4A4B0076EEBF /* ContentView.swift */,
				2989AFA825CD4A4E0076EEBF /* Assets.xcassets */,
			);
			path = Shared;
			sourceTree = "<group>";
		};
		2989AFAE25CD4A4E0076EEBF /* Products */ = {
			isa = PBXGroup;
			children = (
				2989AFAD25CD4A4E0076EEBF /* Footprint.app */,
				2989AFB525CD4A4E0076EEBF /* Footprint.app */,
			);
			name = Products;
			sourceTree = "<group>";
		};
		2989AFAF25CD4A4E0076EEBF /* iOS */ = {
			isa = PBXGroup;
			children = (
				2989AFB025CD4A4E0076EEBF /* Info.plist */,
			);
			path = iOS;
			sourceTree = "<group>";
		};
		2989AFB625CD4A4E0076EEBF /* macOS */ = {
			isa = PBXGroup;
			children = (
				2989AFB725CD4A4E0076EEBF /* Info.plist */,
				2989AFB825CD4A4E0076EEBF /* macOS.entitlements */,
			);
			path = macOS;
			sourceTree = "<group>";
		};
/* End PBXGroup section */

/* Begin PBXNativeTarget section */
		2989AFAC25CD4A4E0076EEBF /* Footprint (iOS) */ = {
			isa = PBXNativeTarget;
			buildConfigurationList = 2989AFC125CD4A4E0076EEBF /* Build configuration list for PBXNativeTarget "Footprint (iOS)" */;
			buildPhases = (
				2989AFA925CD4A4E0076EEBF /* Sources */,
				2989AFAA25CD4A4E0076EEBF /* Frameworks */,
				2989AFAB25CD4A4E0076EEBF /* Resources */,
			);
			buildRules = (
			);
			dependencies = (
			);
			name = "Footprint (iOS)";
			productName = "Footprint (iOS)";
			productReference = 2989AFAD25CD4A4E0076EEBF /* Footprint.app */;
			productType = "com.apple.product-type.application";
		};
		2989AFB425CD4A4E0076EEBF /* Footprint (macOS) */ = {
			isa = PBXNativeTarget;
			buildConfigurationList = 2989AFC425CD4A4E0076EEBF /* Build configuration list for PBXNativeTarget "Footprint (macOS)" */;
			buildPhases = (
				2989AFB125CD4A4E0076EEBF /* Sources */,
				2989AFB225CD4A4E0076EEBF /* Frameworks */,
				2989AFB325CD4A4E0076EEBF /* Resources */,
			);
			buildRules = (
			);
			dependencies = (
			);
			name = "Footprint (macOS)";
			productName = "Footprint (macOS)";
			productReference = 2989AFB525CD4A4E0076EEBF /* Footprint.app */;
			productType = "com.apple.product-type.application";
		};
/* End PBXNativeTarget section */

/* Begin PBXProject section */
		2989AFA125CD4A4B0076EEBF /* Project object */ = {
			isa = PBXProject;
			attributes = {
				LastSwiftUpdateCheck = 1240;
				LastUpgradeCheck = 1240;
				TargetAttributes = {
					2989AFAC25CD4A4E0076EEBF = {
						CreatedOnToolsVersion = 12.4;
					};
					2989AFB425CD4A4E0076EEBF = {
						CreatedOnToolsVersion = 12.4;
					};
				};
			};
			buildConfigurationList = 2989AFA425CD4A4B0076EEBF /* Build configuration list for PBXProject "Footprint" */;
			compatibilityVersion = "Xcode 9.3";
			developmentRegion = en;
			hasScannedForEncodings = 0;
			knownRegions = (
				en,
				Base,
			);
			mainGroup = 2989AFA025CD4A4B0076EEBF;
			productRefGroup = 2989AFAE25CD4A4E0076EEBF /* Products */;
			projectDirPath = "";
			projectRoot = "";
			targets = (
				2989AFAC25CD4A4E0076EEBF /* Footprint (iOS) */,
				2989AFB425CD4A4E0076EEBF /* Footprint (macOS) */,
			);
		};
/* End PBXProject section */

/* Begin PBXResourcesBuildPhase section */
		2989AFAB25CD4A4E0076EEBF /* Resources */ = {
			isa = PBXResourcesBuildPhase;
			buildActionMask = 2147483647;
			files = (
				2989AFBD25CD4A4E0076EEBF /* Assets.xcassets in Resources */,
			);
			runOnlyForDeploymentPostprocessing = 0;
		};
		2989AFB325CD4A4E0076EEBF /* Resources */ = {
			isa = PBXResourcesBuildPhase;
			buildActionMask = 2147483647;
			files = (
				2989AFBE25CD4A4E0076EEBF /* Assets.xcassets in Resources */,
			);
			runOnlyForDeploymentPostprocessing = 0;
		};
/* End PBXResourcesBuildPhase section */

/* Begin PBXSourcesBuildPhase section */
		2989AFA925CD4A4E0076EEBF /* Sources */ = {
			isa = PBXSourcesBuildPhase;
			buildActionMask = 2147483647;
			files = (
				2989AFBB25CD4A4E0076EEBF /* ContentView.swift in Sources */,
				2989AFB925CD4A4E0076EEBF /* FootprintApp.swift in Sources */,
			);
			runOnlyForDeploymentPostprocessing = 0;
		};
		2989AFB125CD4A4E0076EEBF /* Sources */ = {
			isa = PBXSourcesBuildPhase;
			buildActionMask = 2147483647;
			files = (
				2989AFBC25CD4A4E0076EEBF /* ContentView.swift in Sources */,
				2989AFBA25CD4A4E0076EEBF /* FootprintApp.swift in Sources */,
			);
			runOnlyForDeploymentPostprocessing = 0;
		};
/* End PBXSourcesBuildPhase section */

/* Begin XCBuildConfiguration section */
		2989AFBF25CD4A4E0076EEBF /* Debug */ = {
			isa = XCBuildConfiguration;
			buildSettings = {
				ALWAYS_SEARCH_USER_PATHS = NO;
				CLANG_ANALYZER_NONNULL = YES;
				CLANG_ANALYZER_NUMBER_OBJECT_CONVERSION = YES_AGGRESSIVE;
				CLANG_CXX_LANGUAGE_STANDARD = "gnu++14";
				CLANG_CXX_LIBRARY = "libc++";
				CLANG_ENABLE_MODULES = YES;
				CLANG_ENABLE_OBJC_ARC = YES;
				CLANG_ENABLE_OBJC_WEAK = YES;
				CLANG_WARN_BLOCK_CAPTURE_AUTORELEASING = YES;
				CLANG_WARN_BOOL_CONVERSION = YES;
				CLANG_WARN_COMMA = YES;
				CLANG_WARN_CONSTANT_CONVERSION = YES;
				CLANG_WARN_DEPRECATED_OBJC_IMPLEMENTATIONS = YES;
				CLANG_WARN_DIRECT_OBJC_ISA_USAGE = YES_ERROR;
				CLANG_WARN_DOCUMENTATION_COMMENTS = YES;
				CLANG_WARN_EMPTY_BODY = YES;
				CLANG_WARN_ENUM_CONVERSION = YES;
				CLANG_WARN_INFINITE_RECURSION = YES;
				CLANG_WARN_INT_CONVERSION = YES;
				CLANG_WARN_NON_LITERAL_NULL_CONVERSION = YES;
				CLANG_WARN_OBJC_IMPLICIT_RETAIN_SELF = YES;
				CLANG_WARN_OBJC_LITERAL_CONVERSION = YES;
				CLANG_WARN_OBJC_ROOT_CLASS = YES_ERROR;
				CLANG_WARN_QUOTED_INCLUDE_IN_FRAMEWORK_HEADER = YES;
				CLANG_WARN_RANGE_LOOP_ANALYSIS = YES;
				CLANG_WARN_STRICT_PROTOTYPES = YES;
				CLANG_WARN_SUSPICIOUS_MOVE = YES;
				CLANG_WARN_UNGUARDED_AVAILABILITY = YES_AGGRESSIVE;
				CLANG_WARN_UNREACHABLE_CODE = YES;
				CLANG_WARN__DUPLICATE_METHOD_MATCH = YES;
				COPY_PHASE_STRIP = NO;
				DEBUG_INFORMATION_FORMAT = dwarf;
				ENABLE_STRICT_OBJC_MSGSEND = YES;
				ENABLE_TESTABILITY = YES;
				GCC_C_LANGUAGE_STANDARD = gnu11;
				GCC_DYNAMIC_NO_PIC = NO;
				GCC_NO_COMMON_BLOCKS = YES;
				GCC_OPTIMIZATION_LEVEL = 0;
				GCC_PREPROCESSOR_DEFINITIONS = (
					"DEBUG=1",
					"$(inherited)",
				);
				GCC_WARN_64_TO_32_BIT_CONVERSION = YES;
				GCC_WARN_ABOUT_RETURN_TYPE = YES_ERROR;
				GCC_WARN_UNDECLARED_SELECTOR = YES;
				GCC_WARN_UNINITIALIZED_AUTOS = YES_AGGRESSIVE;
				GCC_WARN_UNUSED_FUNCTION = YES;
				GCC_WARN_UNUSED_VARIABLE = YES;
				MTL_ENABLE_DEBUG_INFO = INCLUDE_SOURCE;
				MTL_FAST_MATH = YES;
				ONLY_ACTIVE_ARCH = YES;
				SWIFT_ACTIVE_COMPILATION_CONDITIONS = DEBUG;
				SWIFT_OPTIMIZATION_LEVEL = "-Onone";
			};
			name = Debug;
		};
		2989AFC025CD4A4E0076EEBF /* Release */ = {
			isa = XCBuildConfiguration;
			buildSettings = {
				ALWAYS_SEARCH_USER_PATHS = NO;
				CLANG_ANALYZER_NONNULL = YES;
				CLANG_ANALYZER_NUMBER_OBJECT_CONVERSION = YES_AGGRESSIVE;
				CLANG_CXX_LANGUAGE_STANDARD = "gnu++14";
				CLANG_CXX_LIBRARY = "libc++";
				CLANG_ENABLE_MODULES = YES;
				CLANG_ENABLE_OBJC_ARC = YES;
				CLANG_ENABLE_OBJC_WEAK = YES;
				CLANG_WARN_BLOCK_CAPTURE_AUTORELEASING = YES;
				CLANG_WARN_BOOL_CONVERSION = YES;
				CLANG_WARN_COMMA = YES;
				CLANG_WARN_CONSTANT_CONVERSION = YES;
				CLANG_WARN_DEPRECATED_OBJC_IMPLEMENTATIONS = YES;
				CLANG_WARN_DIRECT_OBJC_ISA_USAGE = YES_ERROR;
				CLANG_WARN_DOCUMENTATION_COMMENTS = YES;
				CLANG_WARN_EMPTY_BODY = YES;
				CLANG_WARN_ENUM_CONVERSION = YES;
				CLANG_WARN_INFINITE_RECURSION = YES;
				CLANG_WARN_INT_CONVERSION = YES;
				CLANG_WARN_NON_LITERAL_NULL_CONVERSION = YES;
				CLANG_WARN_OBJC_IMPLICIT_RETAIN_SELF = YES;
				CLANG_WARN_OBJC_LITERAL_CONVERSION = YES;
				CLANG_WARN_OBJC_ROOT_CLASS = YES_ERROR;
				CLANG_WARN_QUOTED_INCLUDE_IN_FRAMEWORK_HEADER = YES;
				CLANG_WARN_RANGE_LOOP_ANALYSIS = YES;
				CLANG_WARN_STRICT_PROTOTYPES = YES;
				CLANG_WARN_SUSPICIOUS_MOVE = YES;
				CLANG_WARN_UNGUARDED_AVAILABILITY = YES_AGGRESSIVE;
				CLANG_WARN_UNREACHABLE_CODE = YES;
				CLANG_WARN__DUPLICATE_METHOD_MATCH = YES;
				COPY_PHASE_STRIP = NO;
				DEBUG_INFORMATION_FORMAT = "dwarf-with-dsym";
				ENABLE_NS_ASSERTIONS = NO;
				ENABLE_STRICT_OBJC_MSGSEND = YES;
				GCC_C_LANGUAGE_STANDARD = gnu11;
				GCC_NO_COMMON_BLOCKS = YES;
				GCC_WARN_64_TO_32_BIT_CONVERSION = YES;
				GCC_WARN_ABOUT_RETURN_TYPE = YES_ERROR;
				GCC_WARN_UNDECLARED_SELECTOR = YES;
				GCC_WARN_UNINITIALIZED_AUTOS = YES_AGGRESSIVE;
				GCC_WARN_UNUSED_FUNCTION = YES;
				GCC_WARN_UNUSED_VARIABLE = YES;
				MTL_ENABLE_DEBUG_INFO = NO;
				MTL_FAST_MATH = YES;
				SWIFT_COMPILATION_MODE = wholemodule;
				SWIFT_OPTIMIZATION_LEVEL = "-O";
			};
			name = Release;
		};
		2989AFC225CD4A4E0076EEBF /* Debug */ = {
			isa = XCBuildConfiguration;
			buildSettings = {
				ASSETCATALOG_COMPILER_APPICON_NAME = AppIcon;
				ASSETCATALOG_COMPILER_GLOBAL_ACCENT_COLOR_NAME = AccentColor;
				CODE_SIGN_STYLE = Automatic;
				DEVELOPMENT_TEAM = SR8229N8P7;
				ENABLE_PREVIEWS = YES;
				INFOPLIST_FILE = iOS/Info.plist;
				IPHONEOS_DEPLOYMENT_TARGET = 14.4;
				LD_RUNPATH_SEARCH_PATHS = (
					"$(inherited)",
					"@executable_path/Frameworks",
				);
				MARKETING_VERSION = 0.1.0;
				PRODUCT_BUNDLE_IDENTIFIER = com.sfhp.Footprint;
				PRODUCT_NAME = Footprint;
				SDKROOT = iphoneos;
				SWIFT_VERSION = 5.0;
				TARGETED_DEVICE_FAMILY = "1,2";
			};
			name = Debug;
		};
		2989AFC325CD4A4E0076EEBF /* Release */ = {
			isa = XCBuildConfiguration;
			buildSettings = {
				ASSETCATALOG_COMPILER_APPICON_NAME = AppIcon;
				ASSETCATALOG_COMPILER_GLOBAL_ACCENT_COLOR_NAME = AccentColor;
				CODE_SIGN_STYLE = Automatic;
				DEVELOPMENT_TEAM = SR8229N8P7;
				ENABLE_PREVIEWS = YES;
				INFOPLIST_FILE = iOS/Info.plist;
				IPHONEOS_DEPLOYMENT_TARGET = 14.4;
				LD_RUNPATH_SEARCH_PATHS = (
					"$(inherited)",
					"@executable_path/Frameworks",
				);
				MARKETING_VERSION = 0.1.0;
				PRODUCT_BUNDLE_IDENTIFIER = com.sfhp.Footprint;
				PRODUCT_NAME = Footprint;
				SDKROOT = iphoneos;
				SWIFT_VERSION = 5.0;
				TARGETED_DEVICE_FAMILY = "1,2";
				VALIDATE_PRODUCT = YES;
			};
			name = Release;
		};
		2989AFC525CD4A4E0076EEBF /* Debug */ = {
			isa = XCBuildConfiguration;
			buildSettings = {
				ASSETCATALOG_COMPILER_APPICON_NAME = AppIcon;
				ASSETCATALOG_COMPILER_GLOBAL_ACCENT_COLOR_NAME = AccentColor;
				CODE_SIGN_ENTITLEMENTS = macOS/macOS.entitlements;
				CODE_SIGN_STYLE = Automatic;
				COMBINE_HIDPI_IMAGES = YES;
				DEVELOPMENT_TEAM = SR8229N8P7;
				ENABLE_HARDENED_RUNTIME = YES;
				ENABLE_PREVIEWS = YES;
				INFOPLIST_FILE = macOS/Info.plist;
				LD_RUNPATH_SEARCH_PATHS = (
					"$(inherited)",
					"@executable_path/../Frameworks",
				);
				MACOSX_DEPLOYMENT_TARGET = 11.0;
				PRODUCT_BUNDLE_IDENTIFIER = com.sfhp.Footprint;
				PRODUCT_NAME = Footprint;
				SDKROOT = macosx;
				SWIFT_VERSION = 5.0;
			};
			name = Debug;
		};
		2989AFC625CD4A4E0076EEBF /* Release */ = {
			isa = XCBuildConfiguration;
			buildSettings = {
				ASSETCATALOG_COMPILER_APPICON_NAME = AppIcon;
				ASSETCATALOG_COMPILER_GLOBAL_ACCENT_COLOR_NAME = AccentColor;
				CODE_SIGN_ENTITLEMENTS = macOS/macOS.entitlements;
				CODE_SIGN_STYLE = Automatic;
				COMBINE_HIDPI_IMAGES = YES;
				DEVELOPMENT_TEAM = SR8229N8P7;
				ENABLE_HARDENED_RUNTIME = YES;
				ENABLE_PREVIEWS = YES;
				INFOPLIST_FILE = macOS/Info.plist;
				LD_RUNPATH_SEARCH_PATHS = (
					"$(inherited)",
					"@executable_path/../Frameworks",
				);
				MACOSX_DEPLOYMENT_TARGET = 11.0;
				PRODUCT_BUNDLE_IDENTIFIER = com.sfhp.Footprint;
				PRODUCT_NAME = Footprint;
				SDKROOT = macosx;
				SWIFT_VERSION = 5.0;
			};
			name = Release;
		};
/* End XCBuildConfiguration section */

/* Begin XCConfigurationList section */
		2989AFA425CD4A4B0076EEBF /* Build configuration list for PBXProject "Footprint" */ = {
			isa = XCConfigurationList;
			buildConfigurations = (
				2989AFBF25CD4A4E0076EEBF /* Debug */,
				2989AFC025CD4A4E0076EEBF /* Release */,
			);
			defaultConfigurationIsVisible = 0;
			defaultConfigurationName = Release;
		};
		2989AFC125CD4A4E0076EEBF /* Build configuration list for PBXNativeTarget "Footprint (iOS)" */ = {
			isa = XCConfigurationList;
			buildConfigurations = (
				2989AFC225CD4A4E0076EEBF /* Debug */,
				2989AFC325CD4A4E0076EEBF /* Release */,
			);
			defaultConfigurationIsVisible = 0;
			defaultConfigurationName = Release;
		};
		2989AFC425CD4A4E0076EEBF /* Build configuration list for PBXNativeTarget "Footprint (macOS)" */ = {
			isa = XCConfigurationList;
			buildConfigurations = (
				2989AFC525CD4A4E0076EEBF /* Debug */,
				2989AFC625CD4A4E0076EEBF /* Release */,
			);
			defaultConfigurationIsVisible = 0;
			defaultConfigurationName = Release;
		};
/* End XCConfigurationList section */
	};
	rootObject = 2989AFA125CD4A4B0076EEBF /* Project object */;
}
